
Microsoft Visual Studio Solution File, Format Version 12.00
# Visual Studio Version 16
VisualStudioVersion = 16.0.32510.428
MinimumVisualStudioVersion = 10.0.40219.1
Project("{FAE04EC0-301F-11D3-BF4B-00C04F79EFBC}") = "E-FiskalizacijaAPI", "E-FiskalizacijaAPI\E-FiskalizacijaAPI.csproj", "{58567FD4-7BEB-4281-B7C9-2A1FE2AFE62F}"
EndProject
Global
	GlobalSection(SolutionConfigurationPlatforms) = preSolution
		Debug|Any CPU = Debug|Any CPU
		Release|Any CPU = Release|Any CPU
	EndGlobalSection
	GlobalSection(ProjectConfigurationPlatforms) = postSolution
		{58567FD4-7BEB-4281-B7C9-2A1FE2AFE62F}.Debug|Any CPU.ActiveCfg = Debug|Any CPU
		{58567FD4-7BEB-4281-B7C9-2A1FE2AFE62F}.Debug|Any CPU.Build.0 = Debug|Any CPU
		{58567FD4-7BEB-4281-B7C9-2A1FE2AFE62F}.Release|Any CPU.ActiveCfg = Release|Any CPU
		{58567FD4-7BEB-4281-B7C9-2A1FE2AFE62F}.Release|Any CPU.Build.0 = Release|Any CPU
	EndGlobalSection
	GlobalSection(SolutionProperties) = preSolution
		HideSolutionNode = FALSE
	EndGlobalSection
	GlobalSection(ExtensibilityGlobals) = postSolution
		SolutionGuid = {3705F8F6-0859-424B-85A5-995DCA4F924F}
	EndGlobalSection
EndGlobal
